NeoBundleLock The-NERD-Commenter 8c495b959275cde6d6858662aac726ae59175dea
NeoBundleLock unite.vim 8c495b959275cde6d6858662aac726ae59175dea
NeoBundleLock Gist.vim 8c495b959275cde6d6858662aac726ae59175dea
NeoBundleLock vim-coffee-script 8c495b959275cde6d6858662aac726ae59175dea
NeoBundleLock molokai 0500e432817c4b7493fabaa272dcc8fdad29908c
NeoBundleLock vim-multiple-cursors 8c495b959275cde6d6858662aac726ae59175dea
NeoBundleLock vim-surround 8c495b959275cde6d6858662aac726ae59175dea
NeoBundleLock emmet-vim 8c495b959275cde6d6858662aac726ae59175dea
NeoBundleLock vcscommand.vim 8c495b959275cde6d6858662aac726ae59175dea
NeoBundleLock The-NERD-tree 8c495b959275cde6d6858662aac726ae59175dea
NeoBundleLock Highlight-UnMatched-Brackets 8c495b959275cde6d6858662aac726ae59175dea
NeoBundleLock vim-powerline 8c495b959275cde6d6858662aac726ae59175dea
NeoBundleLock neocomplcache 8c495b959275cde6d6858662aac726ae59175dea
NeoBundleLock Solarized 736ad791ed23ef0fe6bb52e82039e1435ca9f30c
NeoBundleLock neobundle.vim 4a3bb7fb323b62f571c22ff15139fe996dc60ac8
NeoBundleLock neomru.vim 8c495b959275cde6d6858662aac726ae59175dea
NeoBundleLock scss-syntax.vim 8c495b959275cde6d6858662aac726ae59175dea
